
Microsoft Visual Studio Solution File, Format Version 12.00
# Visual Studio Version 16
VisualStudioVersion = 16.0.31005.135
MinimumVisualStudioVersion = 10.0.40219.1
Project("{FAE04EC0-301F-11D3-BF4B-00C04F79EFBC}") = "Register", "Register\Register.csproj", "{DA86AB40-97AE-417F-94A2-ED42A977A6B6}"
EndProject
Global
	GlobalSection(SolutionConfigurationPlatforms) = preSolution
		Debug|Any CPU = Debug|Any CPU
		Release|Any CPU = Release|Any CPU
	EndGlobalSection
	GlobalSection(ProjectConfigurationPlatforms) = postSolution
		{DA86AB40-97AE-417F-94A2-ED42A977A6B6}.Debug|Any CPU.ActiveCfg = Debug|Any CPU
		{DA86AB40-97AE-417F-94A2-ED42A977A6B6}.Debug|Any CPU.Build.0 = Debug|Any CPU
		{DA86AB40-97AE-417F-94A2-ED42A977A6B6}.Release|Any CPU.ActiveCfg = Release|Any CPU
		{DA86AB40-97AE-417F-94A2-ED42A977A6B6}.Release|Any CPU.Build.0 = Release|Any CPU
	EndGlobalSection
	GlobalSection(SolutionProperties) = preSolution
		HideSolutionNode = FALSE
	EndGlobalSection
	GlobalSection(ExtensibilityGlobals) = postSolution
		SolutionGuid = {BCB62E83-5A5A-4AA6-94D5-FB2AFD647CDB}
	EndGlobalSection
EndGlobal
